
Microsoft Visual Studio Solution File, Format Version 12.00
# Visual Studio 14
VisualStudioVersion = 14.0.23107.0
MinimumVisualStudioVersion = 10.0.40219.1
Project("{FAE04EC0-301F-11D3-BF4B-00C04F79EFBC}") = "TracerLibrary", "TracerLibrary\TracerLibrary.csproj", "{81C8D288-F316-4F57-9FD5-BDF445A727BC}"
EndProject
Project("{FAE04EC0-301F-11D3-BF4B-00C04F79EFBC}") = "ConsoleTrace", "..\ConsoleTrace\ConsoleTrace.csproj", "{5E25F879-75D2-471A-8BEB-30DA74186C17}"
EndProject
Global
	GlobalSection(SolutionConfigurationPlatforms) = preSolution
		Debug|Any CPU = Debug|Any CPU
		Release|Any CPU = Release|Any CPU
	EndGlobalSection
	GlobalSection(ProjectConfigurationPlatforms) = postSolution
		{81C8D288-F316-4F57-9FD5-BDF445A727BC}.Debug|Any CPU.ActiveCfg = Debug|Any CPU
		{81C8D288-F316-4F57-9FD5-BDF445A727BC}.Debug|Any CPU.Build.0 = Debug|Any CPU
		{81C8D288-F316-4F57-9FD5-BDF445A727BC}.Release|Any CPU.ActiveCfg = Release|Any CPU
		{81C8D288-F316-4F57-9FD5-BDF445A727BC}.Release|Any CPU.Build.0 = Release|Any CPU
		{5E25F879-75D2-471A-8BEB-30DA74186C17}.Debug|Any CPU.ActiveCfg = Debug|Any CPU
		{5E25F879-75D2-471A-8BEB-30DA74186C17}.Debug|Any CPU.Build.0 = Debug|Any CPU
		{5E25F879-75D2-471A-8BEB-30DA74186C17}.Release|Any CPU.ActiveCfg = Release|Any CPU
		{5E25F879-75D2-471A-8BEB-30DA74186C17}.Release|Any CPU.Build.0 = Release|Any CPU
	EndGlobalSection
	GlobalSection(SolutionProperties) = preSolution
		HideSolutionNode = FALSE
	EndGlobalSection
EndGlobal
